
Microsoft Visual Studio Solution File, Format Version 12.00
# Visual Studio Version 17
VisualStudioVersion = 17.2.32616.157
MinimumVisualStudioVersion = 10.0.40219.1
Project("{FAE04EC0-301F-11D3-BF4B-00C04F79EFBC}") = "AddPackage", "AddPackage\AddPackage.csproj", "{EA0B4953-C260-4B7D-BFD7-5D9DFEEB3DCC}"
EndProject
Global
	GlobalSection(SolutionConfigurationPlatforms) = preSolution
		Debug|Any CPU = Debug|Any CPU
		Release|Any CPU = Release|Any CPU
	EndGlobalSection
	GlobalSection(ProjectConfigurationPlatforms) = postSolution
		{EA0B4953-C260-4B7D-BFD7-5D9DFEEB3DCC}.Debug|Any CPU.ActiveCfg = Debug|Any CPU
		{EA0B4953-C260-4B7D-BFD7-5D9DFEEB3DCC}.Debug|Any CPU.Build.0 = Debug|Any CPU
		{EA0B4953-C260-4B7D-BFD7-5D9DFEEB3DCC}.Release|Any CPU.ActiveCfg = Release|Any CPU
		{EA0B4953-C260-4B7D-BFD7-5D9DFEEB3DCC}.Release|Any CPU.Build.0 = Release|Any CPU
	EndGlobalSection
	GlobalSection(SolutionProperties) = preSolution
		HideSolutionNode = FALSE
	EndGlobalSection
	GlobalSection(ExtensibilityGlobals) = postSolution
		SolutionGuid = {54F0035D-0701-4A7F-95D0-8CE38F3C452B}
	EndGlobalSection
EndGlobal
